
Microsoft Visual Studio Solution File, Format Version 12.00
# Visual Studio Version 17
VisualStudioVersion = 17.5.33530.505
MinimumVisualStudioVersion = 10.0.40219.1
Project("{9A19103F-16F7-4668-BE54-9A1E7A4F7556}") = "Benchmark.App", "Benchmark.App\Benchmark.App.csproj", "{D5273E7D-284F-4E57-A965-AE9BC9782432}"
EndProject
Project("{9A19103F-16F7-4668-BE54-9A1E7A4F7556}") = "Benchmark.Tasks", "Benchmark.Tasks\Benchmark.Tasks.csproj", "{80AECA58-10BF-4ABD-ADD8-779341395924}"
EndProject
Project("{9A19103F-16F7-4668-BE54-9A1E7A4F7556}") = "Benchmark.Tests", "Benchmark.Tests\Benchmark.Tests.csproj", "{3172BA6E-12FC-4242-B5D7-C5794FC65783}"
EndProject
Global
	GlobalSection(SolutionConfigurationPlatforms) = preSolution
		Debug|Any CPU = Debug|Any CPU
		Release|Any CPU = Release|Any CPU
	EndGlobalSection
	GlobalSection(ProjectConfigurationPlatforms) = postSolution
		{D5273E7D-284F-4E57-A965-AE9BC9782432}.Debug|Any CPU.ActiveCfg = Debug|Any CPU
		{D5273E7D-284F-4E57-A965-AE9BC9782432}.Debug|Any CPU.Build.0 = Debug|Any CPU
		{D5273E7D-284F-4E57-A965-AE9BC9782432}.Release|Any CPU.ActiveCfg = Release|Any CPU
		{D5273E7D-284F-4E57-A965-AE9BC9782432}.Release|Any CPU.Build.0 = Release|Any CPU
		{80AECA58-10BF-4ABD-ADD8-779341395924}.Debug|Any CPU.ActiveCfg = Debug|Any CPU
		{80AECA58-10BF-4ABD-ADD8-779341395924}.Debug|Any CPU.Build.0 = Debug|Any CPU
		{80AECA58-10BF-4ABD-ADD8-779341395924}.Release|Any CPU.ActiveCfg = Release|Any CPU
		{80AECA58-10BF-4ABD-ADD8-779341395924}.Release|Any CPU.Build.0 = Release|Any CPU
		{3172BA6E-12FC-4242-B5D7-C5794FC65783}.Debug|Any CPU.ActiveCfg = Debug|Any CPU
		{3172BA6E-12FC-4242-B5D7-C5794FC65783}.Debug|Any CPU.Build.0 = Debug|Any CPU
		{3172BA6E-12FC-4242-B5D7-C5794FC65783}.Release|Any CPU.ActiveCfg = Release|Any CPU
		{3172BA6E-12FC-4242-B5D7-C5794FC65783}.Release|Any CPU.Build.0 = Release|Any CPU
	EndGlobalSection
	GlobalSection(SolutionProperties) = preSolution
		HideSolutionNode = FALSE
	EndGlobalSection
	GlobalSection(ExtensibilityGlobals) = postSolution
		SolutionGuid = {44C14B7E-509A-4A44-9512-2DE1C3216A0E}
	EndGlobalSection
EndGlobal
